// !$*UTF8*$!
{
	archiveVersion = 1;
	classes = {
	};
	objectVersion = 46;
	objects = {

/* Begin PBXBuildFile section */
		33F5364B1D6DFAE100261323 /* AppDelegate.swift in Sources */ = {isa = PBXBuildFile; fileRef = 33F5364A1D6DFAE100261323 /* AppDelegate.swift */; };
		33F5364D1D6DFAE100261323 /* ViewController.swift in Sources */ = {isa = PBXBuildFile; fileRef = 33F5364C1D6DFAE100261323 /* ViewController.swift */; };
		33F536501D6DFAE100261323 /* Main.storyboard in Resources */ = {isa = PBXBuildFile; fileRef = 33F5364E1D6DFAE100261323 /* Main.storyboard */; };
		33F536521D6DFAE100261323 /* Assets.xcassets in Resources */ = {isa = PBXBuildFile; fileRef = 33F536511D6DFAE100261323 /* Assets.xcassets */; };
		33F536551D6DFAE100261323 /* LaunchScreen.storyboard in Resources */ = {isa = PBXBuildFile; fileRef = 33F536531D6DFAE100261323 /* LaunchScreen.storyboard */; };
/* End PBXBuildFile section */

/* Begin PBXFileReference section */
		33F536471D6DFAE100261323 /* GoingToWorkPokedex.app */ = {isa = PBXFileReference; explicitFileType = wrapper.application; includeInIndex = 0; path = GoingToWorkPokedex.app; sourceTree = BUILT_PRODUCTS_DIR; };
		33F5364A1D6DFAE100261323 /* AppDelegate.swift */ = {isa = PBXFileReference; lastKnownFileType = sourcecode.swift; path = AppDelegate.swift; sourceTree = "<group>"; };
		33F5364C1D6DFAE100261323 /* ViewController.swift */ = {isa = PBXFileReference; lastKnownFileType = sourcecode.swift; path = ViewController.swift; sourceTree = "<group>"; };
		33F5364F1D6DFAE100261323 /* Base */ = {isa = PBXFileReference; lastKnownFileType = file.storyboard; name = Base; path = Base.lproj/Main.storyboard; sourceTree = "<group>"; };
		33F536511D6DFAE100261323 /* Assets.xcassets */ = {isa = PBXFileReference; lastKnownFileType = folder.assetcatalog; path = Assets.xcassets; sourceTree = "<group>"; };
		33F536541D6DFAE100261323 /* Base */ = {isa = PBXFileReference; lastKnownFileType = file.storyboard; name = Base; path = Base.lproj/LaunchScreen.storyboard; sourceTree = "<group>"; };
		33F536561D6DFAE100261323 /* Info.plist */ = {isa = PBXFileReference; lastKnownFileType = text.plist.xml; path = Info.plist; sourceTree = "<group>"; };
/* End PBXFileReference section */

/* Begin PBXFrameworksBuildPhase section */
		33F536441D6DFAE100261323 /* Frameworks */ = {
			isa = PBXFrameworksBuildPhase;
			buildActionMask = 2147483647;
			files = (
			);
			runOnlyForDeploymentPostprocessing = 0;
		};
/* End PBXFrameworksBuildPhase section */

/* Begin PBXGroup section */
		33F5363E1D6DFAE100261323 = {
			isa = PBXGroup;
			children = (
				33F536491D6DFAE100261323 /* GoingToWorkPokedex */,
				33F536481D6DFAE100261323 /* Products */,
			);
			sourceTree = "<group>";
		};
		33F536481D6DFAE100261323 /* Products */ = {
			isa = PBXGroup;
			children = (
				33F536471D6DFAE100261323 /* GoingToWorkPokedex.app */,
			);
			name = Products;
			sourceTree = "<group>";
		};
		33F536491D6DFAE100261323 /* GoingToWorkPokedex */ = {
			isa = PBXGroup;
			children = (
				33F5364A1D6DFAE100261323 /* AppDelegate.swift */,
				33F5364C1D6DFAE100261323 /* ViewController.swift */,
				33F5364E1D6DFAE100261323 /* Main.storyboard */,
				33F536511D6DFAE100261323 /* Assets.xcassets */,
				33F536531D6DFAE100261323 /* LaunchScreen.storyboard */,
				33F536561D6DFAE100261323 /* Info.plist */,
			);
			path = GoingToWorkPokedex;
			sourceTree = "<group>";
		};
/* End PBXGroup section */

/* Begin PBXNativeTarget section */
		33F536461D6DFAE100261323 /* GoingToWorkPokedex */ = {
			isa = PBXNativeTarget;
			buildConfigurationList = 33F536591D6DFAE100261323 /* Build configuration list for PBXNativeTarget "GoingToWorkPokedex" */;
			buildPhases = (
				33F536431D6DFAE100261323 /* Sources */,
				33F536441D6DFAE100261323 /* Frameworks */,
				33F536451D6DFAE100261323 /* Resources */,
			);
			buildRules = (
			);
			dependencies = (
			);
			name = GoingToWorkPokedex;
			productName = GoingToWorkPokedex;
			productReference = 33F536471D6DFAE100261323 /* GoingToWorkPokedex.app */;
			productType = "com.apple.product-type.application";
		};
/* End PBXNativeTarget section */

/* Begin PBXProject section */
		33F5363F1D6DFAE100261323 /* Project object */ = {
			isa = PBXProject;
			attributes = {
				LastSwiftUpdateCheck = 0800;
				LastUpgradeCheck = 0800;
				ORGANIZATIONNAME = "Abed Jawad";
				TargetAttributes = {
					33F536461D6DFAE100261323 = {
						CreatedOnToolsVersion = 8.0;
						ProvisioningStyle = Automatic;
					};
				};
			};
			buildConfigurationList = 33F536421D6DFAE100261323 /* Build configuration list for PBXProject "GoingToWorkPokedex" */;
			compatibilityVersion = "Xcode 3.2";
			developmentRegion = English;
			hasScannedForEncodings = 0;
			knownRegions = (
				en,
				Base,
			);
			mainGroup = 33F5363E1D6DFAE100261323;
			productRefGroup = 33F536481D6DFAE100261323 /* Products */;
			projectDirPath = "";
			projectRoot = "";
			targets = (
				33F536461D6DFAE100261323 /* GoingToWorkPokedex */,
			);
		};
/* End PBXProject section */

/* Begin PBXResourcesBuildPhase section */
		33F536451D6DFAE100261323 /* Resources */ = {
			isa = PBXResourcesBuildPhase;
			buildActionMask = 2147483647;
			files = (
				33F536551D6DFAE100261323 /* LaunchScreen.storyboard in Resources */,
				33F536521D6DFAE100261323 /* Assets.xcassets in Resources */,
				33F536501D6DFAE100261323 /* Main.storyboard in Resources */,
			);
			runOnlyForDeploymentPostprocessing = 0;
		};
/* End PBXResourcesBuildPhase section */

/* Begin PBXSourcesBuildPhase section */
		33F536431D6DFAE100261323 /* Sources */ = {
			isa = PBXSourcesBuildPhase;
			buildActionMask = 2147483647;
			files = (
				33F5364D1D6DFAE100261323 /* ViewController.swift in Sources */,
				33F5364B1D6DFAE100261323 /* AppDelegate.swift in Sources */,
			);
			runOnlyForDeploymentPostprocessing = 0;
		};
/* End PBXSourcesBuildPhase section */

/* Begin PBXVariantGroup section */
		33F5364E1D6DFAE100261323 /* Main.storyboard */ = {
			isa = PBXVariantGroup;
			children = (
				33F5364F1D6DFAE100261323 /* Base */,
			);
			name = Main.storyboard;
			sourceTree = "<group>";
		};
		33F536531D6DFAE100261323 /* LaunchScreen.storyboard */ = {
			isa = PBXVariantGroup;
			children = (
				33F536541D6DFAE100261323 /* Base */,
			);
			name = LaunchScreen.storyboard;
			sourceTree = "<group>";
		};
/* End PBXVariantGroup section */

/* Begin XCBuildConfiguration section */
		33F536571D6DFAE100261323 /* Debug */ = {
			isa = XCBuildConfiguration;
			buildSettings = {
				ALWAYS_SEARCH_USER_PATHS = NO;
				CLANG_ANALYZER_NONNULL = YES;
				CLANG_CXX_LANGUAGE_STANDARD = "gnu++0x";
				CLANG_CXX_LIBRARY = "libc++";
				CLANG_ENABLE_MODULES = YES;
				CLANG_ENABLE_OBJC_ARC = YES;
				CLANG_WARN_BOOL_CONVERSION = YES;
				CLANG_WARN_CONSTANT_CONVERSION = YES;
				CLANG_WARN_DIRECT_OBJC_ISA_USAGE = YES_ERROR;
				CLANG_WARN_DOCUMENTATION_COMMENTS = YES;
				CLANG_WARN_EMPTY_BODY = YES;
				CLANG_WARN_ENUM_CONVERSION = YES;
				CLANG_WARN_INFINITE_RECURSION = YES;
				CLANG_WARN_INT_CONVERSION = YES;
				CLANG_WARN_OBJC_ROOT_CLASS = YES_ERROR;
				CLANG_WARN_SUSPICIOUS_MOVES = YES;
				CLANG_WARN_UNREACHABLE_CODE = YES;
				CLANG_WARN__DUPLICATE_METHOD_MATCH = YES;
				"CODE_SIGN_IDENTITY[sdk=iphoneos*]" = "iPhone Developer";
				COPY_PHASE_STRIP = NO;
				DEBUG_INFORMATION_FORMAT = dwarf;
				ENABLE_STRICT_OBJC_MSGSEND = YES;
				ENABLE_TESTABILITY = YES;
				GCC_C_LANGUAGE_STANDARD = gnu99;
				GCC_DYNAMIC_NO_PIC = NO;
				GCC_NO_COMMON_BLOCKS = YES;
				GCC_OPTIMIZATION_LEVEL = 0;
				GCC_PREPROCESSOR_DEFINITIONS = (
					"DEBUG=1",
					"$(inherited)",
				);
				GCC_WARN_64_TO_32_BIT_CONVERSION = YES;
				GCC_WARN_ABOUT_RETURN_TYPE = YES_ERROR;
				GCC_WARN_UNDECLARED_SELECTOR = YES;
				GCC_WARN_UNINITIALIZED_AUTOS = YES_AGGRESSIVE;
				GCC_WARN_UNUSED_FUNCTION = YES;
				GCC_WARN_UNUSED_VARIABLE = YES;
				IPHONEOS_DEPLOYMENT_TARGET = 10.0;
				MTL_ENABLE_DEBUG_INFO = YES;
				ONLY_ACTIVE_ARCH = YES;
				SDKROOT = iphoneos;
				SWIFT_ACTIVE_COMPILATION_CONDITIONS = DEBUG;
				SWIFT_OPTIMIZATION_LEVEL = "-Onone";
			};
			name = Debug;
		};
		33F536581D6DFAE100261323 /* Release */ = {
			isa = XCBuildConfiguration;
			buildSettings = {
				ALWAYS_SEARCH_USER_PATHS = NO;
				CLANG_ANALYZER_NONNULL = YES;
				CLANG_CXX_LANGUAGE_STANDARD = "gnu++0x";
				CLANG_CXX_LIBRARY = "libc++";
				CLANG_ENABLE_MODULES = YES;
				CLANG_ENABLE_OBJC_ARC = YES;
				CLANG_WARN_BOOL_CONVERSION = YES;
				CLANG_WARN_CONSTANT_CONVERSION = YES;
				CLANG_WARN_DIRECT_OBJC_ISA_USAGE = YES_ERROR;
				CLANG_WARN_DOCUMENTATION_COMMENTS = YES;
				CLANG_WARN_EMPTY_BODY = YES;
				CLANG_WARN_ENUM_CONVERSION = YES;
				CLANG_WARN_INFINITE_RECURSION = YES;
				CLANG_WARN_INT_CONVERSION = YES;
				CLANG_WARN_OBJC_ROOT_CLASS = YES_ERROR;
				CLANG_WARN_SUSPICIOUS_MOVES = YES;
				CLANG_WARN_UNREACHABLE_CODE = YES;
				CLANG_WARN__DUPLICATE_METHOD_MATCH = YES;
				"CODE_SIGN_IDENTITY[sdk=iphoneos*]" = "iPhone Developer";
				COPY_PHASE_STRIP = NO;
				DEBUG_INFORMATION_FORMAT = "dwarf-with-dsym";
				ENABLE_NS_ASSERTIONS = NO;
				ENABLE_STRICT_OBJC_MSGSEND = YES;
				GCC_C_LANGUAGE_STANDARD = gnu99;
				GCC_NO_COMMON_BLOCKS = YES;
				GCC_WARN_64_TO_32_BIT_CONVERSION = YES;
				GCC_WARN_ABOUT_RETURN_TYPE = YES_ERROR;
				GCC_WARN_UNDECLARED_SELECTOR = YES;
				GCC_WARN_UNINITIALIZED_AUTOS = YES_AGGRESSIVE;
				GCC_WARN_UNUSED_FUNCTION = YES;
				GCC_WARN_UNUSED_VARIABLE = YES;
				IPHONEOS_DEPLOYMENT_TARGET = 10.0;
				MTL_ENABLE_DEBUG_INFO = NO;
				SDKROOT = iphoneos;
				SWIFT_OPTIMIZATION_LEVEL = "-Owholemodule";
				VALIDATE_PRODUCT = YES;
			};
			name = Release;
		};
		33F5365A1D6DFAE100261323 /* Debug */ = {
			isa = XCBuildConfiguration;
			buildSettings = {
				ASSETCATALOG_COMPILER_APPICON_NAME = AppIcon;
				INFOPLIST_FILE = GoingToWorkPokedex/Info.plist;
				LD_RUNPATH_SEARCH_PATHS = "$(inherited) @executable_path/Frameworks";
				PRODUCT_BUNDLE_IDENTIFIER = com.abedjawad.GoingToWorkPokedex;
				PRODUCT_NAME = "$(TARGET_NAME)";
				SWIFT_VERSION = 3.0;
			};
			name = Debug;
		};
		33F5365B1D6DFAE100261323 /* Release */ = {
			isa = XCBuildConfiguration;
			buildSettings = {
				ASSETCATALOG_COMPILER_APPICON_NAME = AppIcon;
				INFOPLIST_FILE = GoingToWorkPokedex/Info.plist;
				LD_RUNPATH_SEARCH_PATHS = "$(inherited) @executable_path/Frameworks";
				PRODUCT_BUNDLE_IDENTIFIER = com.abedjawad.GoingToWorkPokedex;
				PRODUCT_NAME = "$(TARGET_NAME)";
				SWIFT_VERSION = 3.0;
			};
			name = Release;
		};
/* End XCBuildConfiguration section */

/* Begin XCConfigurationList section */
		33F536421D6DFAE100261323 /* Build configuration list for PBXProject "GoingToWorkPokedex" */ = {
			isa = XCConfigurationList;
			buildConfigurations = (
				33F536571D6DFAE100261323 /* Debug */,
				33F536581D6DFAE100261323 /* Release */,
			);
			defaultConfigurationIsVisible = 0;
			defaultConfigurationName = Release;
		};
		33F536591D6DFAE100261323 /* Build configuration list for PBXNativeTarget "GoingToWorkPokedex" */ = {
			isa = XCConfigurationList;
			buildConfigurations = (
				33F5365A1D6DFAE100261323 /* Debug */,
				33F5365B1D6DFAE100261323 /* Release */,
			);
			defaultConfigurationIsVisible = 0;
		};
/* End XCConfigurationList section */
	};
	rootObject = 33F5363F1D6DFAE100261323 /* Project object */;
}
